// !$*UTF8*$!
{
	archiveVersion = 1;
	classes = {
	};
	objectVersion = 46;
	objects = {

/* Begin PBXBuildFile section */
		C9AAB32D1E91207A00E37128 /* AppDelegate.m in Sources */ = {isa = PBXBuildFile; fileRef = C9AAB32C1E91207A00E37128 /* AppDelegate.m */; };
		C9AAB3301E91207A00E37128 /* main.m in Sources */ = {isa = PBXBuildFile; fileRef = C9AAB32F1E91207A00E37128 /* main.m */; };
		C9AAB3331E91207A00E37128 /* ViewController.m in Sources */ = {isa = PBXBuildFile; fileRef = C9AAB3321E91207A00E37128 /* ViewController.m */; };
		C9AAB3351E91207A00E37128 /* Assets.xcassets in Resources */ = {isa = PBXBuildFile; fileRef = C9AAB3341E91207A00E37128 /* Assets.xcassets */; };
		C9AAB3381E91207A00E37128 /* Main.storyboard in Resources */ = {isa = PBXBuildFile; fileRef = C9AAB3361E91207A00E37128 /* Main.storyboard */; };
/* End PBXBuildFile section */

/* Begin PBXFileReference section */
		C9AAB3281E91207A00E37128 /* AdvertiserControl.app */ = {isa = PBXFileReference; explicitFileType = wrapper.application; includeInIndex = 0; path = AdvertiserControl.app; sourceTree = BUILT_PRODUCTS_DIR; };
		C9AAB32B1E91207A00E37128 /* AppDelegate.h */ = {isa = PBXFileReference; lastKnownFileType = sourcecode.c.h; path = AppDelegate.h; sourceTree = "<group>"; };
		C9AAB32C1E91207A00E37128 /* AppDelegate.m */ = {isa = PBXFileReference; lastKnownFileType = sourcecode.c.objc; path = AppDelegate.m; sourceTree = "<group>"; };
		C9AAB32F1E91207A00E37128 /* main.m */ = {isa = PBXFileReference; lastKnownFileType = sourcecode.c.objc; path = main.m; sourceTree = "<group>"; };
		C9AAB3311E91207A00E37128 /* ViewController.h */ = {isa = PBXFileReference; lastKnownFileType = sourcecode.c.h; path = ViewController.h; sourceTree = "<group>"; };
		C9AAB3321E91207A00E37128 /* ViewController.m */ = {isa = PBXFileReference; lastKnownFileType = sourcecode.c.objc; path = ViewController.m; sourceTree = "<group>"; };
		C9AAB3341E91207A00E37128 /* Assets.xcassets */ = {isa = PBXFileReference; lastKnownFileType = folder.assetcatalog; path = Assets.xcassets; sourceTree = "<group>"; };
		C9AAB3371E91207A00E37128 /* Base */ = {isa = PBXFileReference; lastKnownFileType = file.storyboard; name = Base; path = Base.lproj/Main.storyboard; sourceTree = "<group>"; };
		C9AAB3391E91207A00E37128 /* Info.plist */ = {isa = PBXFileReference; lastKnownFileType = text.plist.xml; path = Info.plist; sourceTree = "<group>"; };
/* End PBXFileReference section */

/* Begin PBXFrameworksBuildPhase section */
		C9AAB3251E91207A00E37128 /* Frameworks */ = {
			isa = PBXFrameworksBuildPhase;
			buildActionMask = 2147483647;
			files = (
			);
			runOnlyForDeploymentPostprocessing = 0;
		};
/* End PBXFrameworksBuildPhase section */

/* Begin PBXGroup section */
		C9AAB31F1E91207A00E37128 = {
			isa = PBXGroup;
			children = (
				C9AAB32A1E91207A00E37128 /* AdvertiserControl */,
				C9AAB3291E91207A00E37128 /* Products */,
			);
			sourceTree = "<group>";
		};
		C9AAB3291E91207A00E37128 /* Products */ = {
			isa = PBXGroup;
			children = (
				C9AAB3281E91207A00E37128 /* AdvertiserControl.app */,
			);
			name = Products;
			sourceTree = "<group>";
		};
		C9AAB32A1E91207A00E37128 /* AdvertiserControl */ = {
			isa = PBXGroup;
			children = (
				C9AAB32B1E91207A00E37128 /* AppDelegate.h */,
				C9AAB32C1E91207A00E37128 /* AppDelegate.m */,
				C9AAB3311E91207A00E37128 /* ViewController.h */,
				C9AAB3321E91207A00E37128 /* ViewController.m */,
				C9AAB3341E91207A00E37128 /* Assets.xcassets */,
				C9AAB3361E91207A00E37128 /* Main.storyboard */,
				C9AAB3391E91207A00E37128 /* Info.plist */,
				C9AAB32E1E91207A00E37128 /* Supporting Files */,
			);
			path = AdvertiserControl;
			sourceTree = "<group>";
		};
		C9AAB32E1E91207A00E37128 /* Supporting Files */ = {
			isa = PBXGroup;
			children = (
				C9AAB32F1E91207A00E37128 /* main.m */,
			);
			name = "Supporting Files";
			sourceTree = "<group>";
		};
/* End PBXGroup section */

/* Begin PBXNativeTarget section */
		C9AAB3271E91207A00E37128 /* AdvertiserControl */ = {
			isa = PBXNativeTarget;
			buildConfigurationList = C9AAB33C1E91207A00E37128 /* Build configuration list for PBXNativeTarget "AdvertiserControl" */;
			buildPhases = (
				C9AAB3241E91207A00E37128 /* Sources */,
				C9AAB3251E91207A00E37128 /* Frameworks */,
				C9AAB3261E91207A00E37128 /* Resources */,
			);
			buildRules = (
			);
			dependencies = (
			);
			name = AdvertiserControl;
			productName = AdvertiserControl;
			productReference = C9AAB3281E91207A00E37128 /* AdvertiserControl.app */;
			productType = "com.apple.product-type.application";
		};
/* End PBXNativeTarget section */

/* Begin PBXProject section */
		C9AAB3201E91207A00E37128 /* Project object */ = {
			isa = PBXProject;
			attributes = {
				LastUpgradeCheck = 0800;
				ORGANIZATIONNAME = "Matt McInnes";
				TargetAttributes = {
					C9AAB3271E91207A00E37128 = {
						CreatedOnToolsVersion = 8.0;
						DevelopmentTeam = F38EY5JYW3;
						ProvisioningStyle = Automatic;
					};
				};
			};
			buildConfigurationList = C9AAB3231E91207A00E37128 /* Build configuration list for PBXProject "AdvertiserControl" */;
			compatibilityVersion = "Xcode 3.2";
			developmentRegion = English;
			hasScannedForEncodings = 0;
			knownRegions = (
				en,
				Base,
			);
			mainGroup = C9AAB31F1E91207A00E37128;
			productRefGroup = C9AAB3291E91207A00E37128 /* Products */;
			projectDirPath = "";
			projectRoot = "";
			targets = (
				C9AAB3271E91207A00E37128 /* AdvertiserControl */,
			);
		};
/* End PBXProject section */

/* Begin PBXResourcesBuildPhase section */
		C9AAB3261E91207A00E37128 /* Resources */ = {
			isa = PBXResourcesBuildPhase;
			buildActionMask = 2147483647;
			files = (
				C9AAB3351E91207A00E37128 /* Assets.xcassets in Resources */,
				C9AAB3381E91207A00E37128 /* Main.storyboard in Resources */,
			);
			runOnlyForDeploymentPostprocessing = 0;
		};
/* End PBXResourcesBuildPhase section */

/* Begin PBXSourcesBuildPhase section */
		C9AAB3241E91207A00E37128 /* Sources */ = {
			isa = PBXSourcesBuildPhase;
			buildActionMask = 2147483647;
			files = (
				C9AAB3331E91207A00E37128 /* ViewController.m in Sources */,
				C9AAB3301E91207A00E37128 /* main.m in Sources */,
				C9AAB32D1E91207A00E37128 /* AppDelegate.m in Sources */,
			);
			runOnlyForDeploymentPostprocessing = 0;
		};
/* End PBXSourcesBuildPhase section */

/* Begin PBXVariantGroup section */
		C9AAB3361E91207A00E37128 /* Main.storyboard */ = {
			isa = PBXVariantGroup;
			children = (
				C9AAB3371E91207A00E37128 /* Base */,
			);
			name = Main.storyboard;
			sourceTree = "<group>";
		};
/* End PBXVariantGroup section */

/* Begin XCBuildConfiguration section */
		C9AAB33A1E91207A00E37128 /* Debug */ = {
			isa = XCBuildConfiguration;
			buildSettings = {
				ALWAYS_SEARCH_USER_PATHS = NO;
				CLANG_ANALYZER_NONNULL = YES;
				CLANG_CXX_LANGUAGE_STANDARD = "gnu++0x";
				CLANG_CXX_LIBRARY = "libc++";
				CLANG_ENABLE_MODULES = YES;
				CLANG_ENABLE_OBJC_ARC = YES;
				CLANG_WARN_BOOL_CONVERSION = YES;
				CLANG_WARN_CONSTANT_CONVERSION = YES;
				CLANG_WARN_DIRECT_OBJC_ISA_USAGE = YES_ERROR;
				CLANG_WARN_DOCUMENTATION_COMMENTS = YES;
				CLANG_WARN_EMPTY_BODY = YES;
				CLANG_WARN_ENUM_CONVERSION = YES;
				CLANG_WARN_INFINITE_RECURSION = YES;
				CLANG_WARN_INT_CONVERSION = YES;
				CLANG_WARN_OBJC_ROOT_CLASS = YES_ERROR;
				CLANG_WARN_SUSPICIOUS_MOVES = YES;
				CLANG_WARN_UNREACHABLE_CODE = YES;
				CLANG_WARN__DUPLICATE_METHOD_MATCH = YES;
				CODE_SIGN_IDENTITY = "-";
				COPY_PHASE_STRIP = NO;
				DEBUG_INFORMATION_FORMAT = dwarf;
				ENABLE_STRICT_OBJC_MSGSEND = YES;
				ENABLE_TESTABILITY = YES;
				GCC_C_LANGUAGE_STANDARD = gnu99;
				GCC_DYNAMIC_NO_PIC = NO;
				GCC_NO_COMMON_BLOCKS = YES;
				GCC_OPTIMIZATION_LEVEL = 0;
				GCC_PREPROCESSOR_DEFINITIONS = (
					"DEBUG=1",
					"$(inherited)",
				);
				GCC_WARN_64_TO_32_BIT_CONVERSION = YES;
				GCC_WARN_ABOUT_RETURN_TYPE = YES_ERROR;
				GCC_WARN_UNDECLARED_SELECTOR = YES;
				GCC_WARN_UNINITIALIZED_AUTOS = YES_AGGRESSIVE;
				GCC_WARN_UNUSED_FUNCTION = YES;
				GCC_WARN_UNUSED_VARIABLE = YES;
				MACOSX_DEPLOYMENT_TARGET = 10.12;
				MTL_ENABLE_DEBUG_INFO = YES;
				ONLY_ACTIVE_ARCH = YES;
				SDKROOT = macosx;
			};
			name = Debug;
		};
		C9AAB33B1E91207A00E37128 /* Release */ = {
			isa = XCBuildConfiguration;
			buildSettings = {
				ALWAYS_SEARCH_USER_PATHS = NO;
				CLANG_ANALYZER_NONNULL = YES;
				CLANG_CXX_LANGUAGE_STANDARD = "gnu++0x";
				CLANG_CXX_LIBRARY = "libc++";
				CLANG_ENABLE_MODULES = YES;
				CLANG_ENABLE_OBJC_ARC = YES;
				CLANG_WARN_BOOL_CONVERSION = YES;
				CLANG_WARN_CONSTANT_CONVERSION = YES;
				CLANG_WARN_DIRECT_OBJC_ISA_USAGE = YES_ERROR;
				CLANG_WARN_DOCUMENTATION_COMMENTS = YES;
				CLANG_WARN_EMPTY_BODY = YES;
				CLANG_WARN_ENUM_CONVERSION = YES;
				CLANG_WARN_INFINITE_RECURSION = YES;
				CLANG_WARN_INT_CONVERSION = YES;
				CLANG_WARN_OBJC_ROOT_CLASS = YES_ERROR;
				CLANG_WARN_SUSPICIOUS_MOVES = YES;
				CLANG_WARN_UNREACHABLE_CODE = YES;
				CLANG_WARN__DUPLICATE_METHOD_MATCH = YES;
				CODE_SIGN_IDENTITY = "-";
				COPY_PHASE_STRIP = NO;
				DEBUG_INFORMATION_FORMAT = "dwarf-with-dsym";
				ENABLE_NS_ASSERTIONS = NO;
				ENABLE_STRICT_OBJC_MSGSEND = YES;
				GCC_C_LANGUAGE_STANDARD = gnu99;
				GCC_NO_COMMON_BLOCKS = YES;
				GCC_WARN_64_TO_32_BIT_CONVERSION = YES;
				GCC_WARN_ABOUT_RETURN_TYPE = YES_ERROR;
				GCC_WARN_UNDECLARED_SELECTOR = YES;
				GCC_WARN_UNINITIALIZED_AUTOS = YES_AGGRESSIVE;
				GCC_WARN_UNUSED_FUNCTION = YES;
				GCC_WARN_UNUSED_VARIABLE = YES;
				MACOSX_DEPLOYMENT_TARGET = 10.12;
				MTL_ENABLE_DEBUG_INFO = NO;
				SDKROOT = macosx;
			};
			name = Release;
		};
		C9AAB33D1E91207A00E37128 /* Debug */ = {
			isa = XCBuildConfiguration;
			buildSettings = {
				ASSETCATALOG_COMPILER_APPICON_NAME = AppIcon;
				COMBINE_HIDPI_IMAGES = YES;
				DEVELOPMENT_TEAM = F38EY5JYW3;
				INFOPLIST_FILE = AdvertiserControl/Info.plist;
				LD_RUNPATH_SEARCH_PATHS = "$(inherited) @executable_path/../Frameworks";
				PRODUCT_BUNDLE_IDENTIFIER = me.mcinnes.AdvertiserControl;
				PRODUCT_NAME = "$(TARGET_NAME)";
			};
			name = Debug;
		};
		C9AAB33E1E91207A00E37128 /* Release */ = {
			isa = XCBuildConfiguration;
			buildSettings = {
				ASSETCATALOG_COMPILER_APPICON_NAME = AppIcon;
				COMBINE_HIDPI_IMAGES = YES;
				DEVELOPMENT_TEAM = F38EY5JYW3;
				INFOPLIST_FILE = AdvertiserControl/Info.plist;
				LD_RUNPATH_SEARCH_PATHS = "$(inherited) @executable_path/../Frameworks";
				PRODUCT_BUNDLE_IDENTIFIER = me.mcinnes.AdvertiserControl;
				PRODUCT_NAME = "$(TARGET_NAME)";
			};
			name = Release;
		};
/* End XCBuildConfiguration section */

/* Begin XCConfigurationList section */
		C9AAB3231E91207A00E37128 /* Build configuration list for PBXProject "AdvertiserControl" */ = {
			isa = XCConfigurationList;
			buildConfigurations = (
				C9AAB33A1E91207A00E37128 /* Debug */,
				C9AAB33B1E91207A00E37128 /* Release */,
			);
			defaultConfigurationIsVisible = 0;
			defaultConfigurationName = Release;
		};
		C9AAB33C1E91207A00E37128 /* Build configuration list for PBXNativeTarget "AdvertiserControl" */ = {
			isa = XCConfigurationList;
			buildConfigurations = (
				C9AAB33D1E91207A00E37128 /* Debug */,
				C9AAB33E1E91207A00E37128 /* Release */,
			);
			defaultConfigurationIsVisible = 0;
		};
/* End XCConfigurationList section */
	};
	rootObject = C9AAB3201E91207A00E37128 /* Project object */;
}
